Microsoft Visual Studio Solution File, Format Version 12.00
# Visual Studio Version 16
VisualStudioVersion = 16.0.29509.3
MinimumVisualStudioVersion = 10.0.40219.1
Project("{FAE04EC0-301F-11D3-BF4B-00C04F79EFBC}") = "GogGameShortcutMaker", "GogGameShortcutMaker\GogGameShortcutMaker.csproj", "{D456C2B2-5039-457B-B6EC-FE25C1C31CD7}"
EndProject
Project("{FAE04EC0-301F-11D3-BF4B-00C04F79EFBC}") = "GogGameShortcutMakerTests", "GogGameShortcutMakerTests\GogGameShortcutMakerTests.csproj", "{D21F8FF4-279D-440F-A434-648B3D97AA04}"
EndProject
Global
	GlobalSection(SolutionConfigurationPlatforms) = preSolution
		Debug|Any CPU = Debug|Any CPU
		Release|Any CPU = Release|Any CPU
	EndGlobalSection
	GlobalSection(ProjectConfigurationPlatforms) = postSolution
		{D456C2B2-5039-457B-B6EC-FE25C1C31CD7}.Debug|Any CPU.ActiveCfg = Debug|Any CPU
		{D456C2B2-5039-457B-B6EC-FE25C1C31CD7}.Debug|Any CPU.Build.0 = Debug|Any CPU
		{D456C2B2-5039-457B-B6EC-FE25C1C31CD7}.Release|Any CPU.ActiveCfg = Release|Any CPU
		{D456C2B2-5039-457B-B6EC-FE25C1C31CD7}.Release|Any CPU.Build.0 = Release|Any CPU
		{D21F8FF4-279D-440F-A434-648B3D97AA04}.Debug|Any CPU.ActiveCfg = Debug|Any CPU
		{D21F8FF4-279D-440F-A434-648B3D97AA04}.Debug|Any CPU.Build.0 = Debug|Any CPU
		{D21F8FF4-279D-440F-A434-648B3D97AA04}.Release|Any CPU.ActiveCfg = Release|Any CPU
		{D21F8FF4-279D-440F-A434-648B3D97AA04}.Release|Any CPU.Build.0 = Release|Any CPU
	EndGlobalSection
	GlobalSection(SolutionProperties) = preSolution
		HideSolutionNode = FALSE
	EndGlobalSection
	GlobalSection(ExtensibilityGlobals) = postSolution
		SolutionGuid = {C1CF4411-AC91-4D74-9423-D9C5EE449AFD}
	EndGlobalSection
EndGlobal
